
Microsoft Visual Studio Solution File, Format Version 12.00
Project("{FAE04EC0-301F-11D3-BF4B-00C04F79EFBC}") = "project1", "project1\project1.csproj", "{0DA9CAB3-3948-42F2-988E-1F359BC4B268}"
EndProject
Global
	GlobalSection(SolutionConfigurationPlatforms) = preSolution
		Debug|Any CPU = Debug|Any CPU
		Release|Any CPU = Release|Any CPU
	EndGlobalSection
	GlobalSection(ProjectConfigurationPlatforms) = postSolution
		{0DA9CAB3-3948-42F2-988E-1F359BC4B268}.Debug|Any CPU.ActiveCfg = Debug|Any CPU
		{0DA9CAB3-3948-42F2-988E-1F359BC4B268}.Debug|Any CPU.Build.0 = Debug|Any CPU
		{0DA9CAB3-3948-42F2-988E-1F359BC4B268}.Release|Any CPU.ActiveCfg = Release|Any CPU
		{0DA9CAB3-3948-42F2-988E-1F359BC4B268}.Release|Any CPU.Build.0 = Release|Any CPU
	EndGlobalSection
EndGlobal
